
Microsoft Visual Studio Solution File, Format Version 12.00
# Visual Studio Version 16
VisualStudioVersion = 16.0.29009.5
MinimumVisualStudioVersion = 10.0.40219.1
Project("{9A19103F-16F7-4668-BE54-9A1E7A4F7556}") = "Cluster", "Cluster\Cluster.csproj", "{8A971276-E3CB-4E06-91C7-C98DEB7816E6}"
EndProject
Global
	GlobalSection(SolutionConfigurationPlatforms) = preSolution
		Debug|Any CPU = Debug|Any CPU
		Release|Any CPU = Release|Any CPU
	EndGlobalSection
	GlobalSection(ProjectConfigurationPlatforms) = postSolution
		{8A971276-E3CB-4E06-91C7-C98DEB7816E6}.Debug|Any CPU.ActiveCfg = Debug|Any CPU
		{8A971276-E3CB-4E06-91C7-C98DEB7816E6}.Debug|Any CPU.Build.0 = Debug|Any CPU
		{8A971276-E3CB-4E06-91C7-C98DEB7816E6}.Release|Any CPU.ActiveCfg = Release|Any CPU
		{8A971276-E3CB-4E06-91C7-C98DEB7816E6}.Release|Any CPU.Build.0 = Release|Any CPU
	EndGlobalSection
	GlobalSection(SolutionProperties) = preSolution
		HideSolutionNode = FALSE
	EndGlobalSection
	GlobalSection(ExtensibilityGlobals) = postSolution
		SolutionGuid = {38126D8D-035A-422D-B93A-051262AC0CC7}
	EndGlobalSection
EndGlobal
